Microsoft Visual Studio Solution File, Format Version 12.00
# Visual Studio Version 17
VisualStudioVersion = 17.5.2.0
MinimumVisualStudioVersion = 10.0.40219.1
Project("{FAE04EC0-301F-11D3-BF4B-00C04F79EFBC}") = "conditionIF", "conditionIF.csproj", "{3DB93E84-151B-3A45-F0E7-86830BCDB7A3}"
EndProject
Global
	GlobalSection(SolutionConfigurationPlatforms) = preSolution
		Debug|Any CPU = Debug|Any CPU
		Release|Any CPU = Release|Any CPU
	EndGlobalSection
	GlobalSection(ProjectConfigurationPlatforms) = postSolution
		{3DB93E84-151B-3A45-F0E7-86830BCDB7A3}.Debug|Any CPU.ActiveCfg = Debug|Any CPU
		{3DB93E84-151B-3A45-F0E7-86830BCDB7A3}.Debug|Any CPU.Build.0 = Debug|Any CPU
		{3DB93E84-151B-3A45-F0E7-86830BCDB7A3}.Release|Any CPU.ActiveCfg = Release|Any CPU
		{3DB93E84-151B-3A45-F0E7-86830BCDB7A3}.Release|Any CPU.Build.0 = Release|Any CPU
	EndGlobalSection
	GlobalSection(SolutionProperties) = preSolution
		HideSolutionNode = FALSE
	EndGlobalSection
	GlobalSection(ExtensibilityGlobals) = postSolution
		SolutionGuid = {7BCA7D43-B96D-4F70-9DC6-A11300530377}
	EndGlobalSection
EndGlobal
